
Microsoft Visual Studio Solution File, Format Version 12.00
# Visual Studio Version 17
VisualStudioVersion = 17.10.35004.147
MinimumVisualStudioVersion = 10.0.40219.1
Project("{2150E333-8FDC-42A3-9474-1A3956D46DE8}") = "01-OOP", "01-OOP", "{4B974CF9-94C0-4FB3-9C39-0B45BA98CFE1}"
EndProject
Project("{9A19103F-16F7-4668-BE54-9A1E7A4F7556}") = "01-OOP-010-Role", "01-OOP-010-Role\01-OOP-010-Role.csproj", "{5804C3E8-C0DE-4D0D-AE93-8D0B69A76D73}"
EndProject
Project("{9A19103F-16F7-4668-BE54-9A1E7A4F7556}") = "01-OOP-020-Tachometr", "C:\Users\koupja\source\repos\2024_PR2_2As1\01-OOP-020-Tachometr\01-OOP-020-Tachometr.csproj", "{7302DE80-189C-4DA8-8E54-AFDB7583011A}"
EndProject
Project("{9A19103F-16F7-4668-BE54-9A1E7A4F7556}") = "01-OOP-030-Test-vyrobku", "C:\Users\koupja\source\repos\2024_PR2_2As1\01-OOP-030-Test-vyrobku\01-OOP-030-Test-vyrobku.csproj", "{266841DF-834E-4DE8-BA01-A65376A6DFC2}"
EndProject
Project("{9A19103F-16F7-4668-BE54-9A1E7A4F7556}") = "01-OOP-050-Lanovka-01-Pole", "01-OOP-050-Lanovka-01-Pole\01-OOP-050-Lanovka-01-Pole.csproj", "{40D74DCF-E2A7-4A61-9EFB-5BA9D16B60F7}"
EndProject
Project("{9A19103F-16F7-4668-BE54-9A1E7A4F7556}") = "00-Rev-posledni-dlouhe", "00-Rev-posledni-dlouhe\00-Rev-posledni-dlouhe.csproj", "{9F099FD7-3A94-4D44-863B-A88CD00DDAC4}"
EndProject
Project("{9A19103F-16F7-4668-BE54-9A1E7A4F7556}") = "01-OOP-051-Lanovka-02-LinkedList", "01-OOP-051-Lanovka-02-LinkedList\01-OOP-051-Lanovka-02-LinkedList.csproj", "{A95CB5BB-49DD-4A18-9C17-00A8E6061989}"
EndProject
Project("{9A19103F-16F7-4668-BE54-9A1E7A4F7556}") = "01-OOP-060-Paginator", "C:\Users\koupja\source\repos\2024_PR2_2As1\01-OOP-060-Paginator\01-OOP-060-Paginator.csproj", "{AB4AC0A9-E8FD-48F4-ACD6-8802FFA7D02F}"
EndProject
Project("{9A19103F-16F7-4668-BE54-9A1E7A4F7556}") = "01-OOP-070-Loop", "C:\Users\koupja\source\repos\2024_PR2_2As1\01-OOP-070-Loop\01-OOP-070-Loop.csproj", "{CBC4FFB7-46E8-44FF-BDC4-8B7777F35C1E}"
EndProject
Project("{FAE04EC0-301F-11D3-BF4B-00C04F79EFBC}") = "01-OOP-090-String-a-ref-val", "01-OOP-090-String-a-ref-val\01-OOP-090-String-a-ref-val.csproj", "{077D3815-A11C-40E2-86C4-BEF21A4F246F}"
EndProject
Project("{FAE04EC0-301F-11D3-BF4B-00C04F79EFBC}") = "01-OOP-100-prodlouzeni-retezce", "01-OOP-100-prodlouzeni-retezce\01-OOP-100-prodlouzeni-retezce.csproj", "{21B1F6DF-C1E7-474A-9D6A-1DB9DE77479C}"
EndProject
Project("{2150E333-8FDC-42A3-9474-1A3956D46DE8}") = "02-OOP2-Dedicnost", "02-OOP2-Dedicnost", "{01C52858-B301-4FF7-B906-FF1A8B5EE729}"
EndProject
Project("{FAE04EC0-301F-11D3-BF4B-00C04F79EFBC}") = "02-OOP2-010-Savec", "02-OOP2-010-Savec\02-OOP2-010-Savec.csproj", "{0E6F72F5-B00C-4441-B048-44B171870AC6}"
EndProject
Global
	GlobalSection(SolutionConfigurationPlatforms) = preSolution
		Debug|Any CPU = Debug|Any CPU
		Release|Any CPU = Release|Any CPU
	EndGlobalSection
	GlobalSection(ProjectConfigurationPlatforms) = postSolution
		{5804C3E8-C0DE-4D0D-AE93-8D0B69A76D73}.Debug|Any CPU.ActiveCfg = Debug|Any CPU
		{5804C3E8-C0DE-4D0D-AE93-8D0B69A76D73}.Debug|Any CPU.Build.0 = Debug|Any CPU
		{5804C3E8-C0DE-4D0D-AE93-8D0B69A76D73}.Release|Any CPU.ActiveCfg = Release|Any CPU
		{5804C3E8-C0DE-4D0D-AE93-8D0B69A76D73}.Release|Any CPU.Build.0 = Release|Any CPU
		{7302DE80-189C-4DA8-8E54-AFDB7583011A}.Debug|Any CPU.ActiveCfg = Debug|Any CPU
		{7302DE80-189C-4DA8-8E54-AFDB7583011A}.Debug|Any CPU.Build.0 = Debug|Any CPU
		{7302DE80-189C-4DA8-8E54-AFDB7583011A}.Release|Any CPU.ActiveCfg = Release|Any CPU
		{7302DE80-189C-4DA8-8E54-AFDB7583011A}.Release|Any CPU.Build.0 = Release|Any CPU
		{266841DF-834E-4DE8-BA01-A65376A6DFC2}.Debug|Any CPU.ActiveCfg = Debug|Any CPU
		{266841DF-834E-4DE8-BA01-A65376A6DFC2}.Debug|Any CPU.Build.0 = Debug|Any CPU
		{266841DF-834E-4DE8-BA01-A65376A6DFC2}.Release|Any CPU.ActiveCfg = Release|Any CPU
		{266841DF-834E-4DE8-BA01-A65376A6DFC2}.Release|Any CPU.Build.0 = Release|Any CPU
		{40D74DCF-E2A7-4A61-9EFB-5BA9D16B60F7}.Debug|Any CPU.ActiveCfg = Debug|Any CPU
		{40D74DCF-E2A7-4A61-9EFB-5BA9D16B60F7}.Debug|Any CPU.Build.0 = Debug|Any CPU
		{40D74DCF-E2A7-4A61-9EFB-5BA9D16B60F7}.Release|Any CPU.ActiveCfg = Release|Any CPU
		{40D74DCF-E2A7-4A61-9EFB-5BA9D16B60F7}.Release|Any CPU.Build.0 = Release|Any CPU
		{9F099FD7-3A94-4D44-863B-A88CD00DDAC4}.Debug|Any CPU.ActiveCfg = Debug|Any CPU
		{9F099FD7-3A94-4D44-863B-A88CD00DDAC4}.Debug|Any CPU.Build.0 = Debug|Any CPU
		{9F099FD7-3A94-4D44-863B-A88CD00DDAC4}.Release|Any CPU.ActiveCfg = Release|Any CPU
		{9F099FD7-3A94-4D44-863B-A88CD00DDAC4}.Release|Any CPU.Build.0 = Release|Any CPU
		{A95CB5BB-49DD-4A18-9C17-00A8E6061989}.Debug|Any CPU.ActiveCfg = Debug|Any CPU
		{A95CB5BB-49DD-4A18-9C17-00A8E6061989}.Debug|Any CPU.Build.0 = Debug|Any CPU
		{A95CB5BB-49DD-4A18-9C17-00A8E6061989}.Release|Any CPU.ActiveCfg = Release|Any CPU
		{A95CB5BB-49DD-4A18-9C17-00A8E6061989}.Release|Any CPU.Build.0 = Release|Any CPU
		{AB4AC0A9-E8FD-48F4-ACD6-8802FFA7D02F}.Debug|Any CPU.ActiveCfg = Debug|Any CPU
		{AB4AC0A9-E8FD-48F4-ACD6-8802FFA7D02F}.Debug|Any CPU.Build.0 = Debug|Any CPU
		{AB4AC0A9-E8FD-48F4-ACD6-8802FFA7D02F}.Release|Any CPU.ActiveCfg = Release|Any CPU
		{AB4AC0A9-E8FD-48F4-ACD6-8802FFA7D02F}.Release|Any CPU.Build.0 = Release|Any CPU
		{CBC4FFB7-46E8-44FF-BDC4-8B7777F35C1E}.Debug|Any CPU.ActiveCfg = Debug|Any CPU
		{CBC4FFB7-46E8-44FF-BDC4-8B7777F35C1E}.Debug|Any CPU.Build.0 = Debug|Any CPU
		{CBC4FFB7-46E8-44FF-BDC4-8B7777F35C1E}.Release|Any CPU.ActiveCfg = Release|Any CPU
		{CBC4FFB7-46E8-44FF-BDC4-8B7777F35C1E}.Release|Any CPU.Build.0 = Release|Any CPU
		{077D3815-A11C-40E2-86C4-BEF21A4F246F}.Debug|Any CPU.ActiveCfg = Debug|Any CPU
		{077D3815-A11C-40E2-86C4-BEF21A4F246F}.Debug|Any CPU.Build.0 = Debug|Any CPU
		{077D3815-A11C-40E2-86C4-BEF21A4F246F}.Release|Any CPU.ActiveCfg = Release|Any CPU
		{077D3815-A11C-40E2-86C4-BEF21A4F246F}.Release|Any CPU.Build.0 = Release|Any CPU
		{21B1F6DF-C1E7-474A-9D6A-1DB9DE77479C}.Debug|Any CPU.ActiveCfg = Debug|Any CPU
		{21B1F6DF-C1E7-474A-9D6A-1DB9DE77479C}.Debug|Any CPU.Build.0 = Debug|Any CPU
		{21B1F6DF-C1E7-474A-9D6A-1DB9DE77479C}.Release|Any CPU.ActiveCfg = Release|Any CPU
		{21B1F6DF-C1E7-474A-9D6A-1DB9DE77479C}.Release|Any CPU.Build.0 = Release|Any CPU
		{0E6F72F5-B00C-4441-B048-44B171870AC6}.Debug|Any CPU.ActiveCfg = Debug|Any CPU
		{0E6F72F5-B00C-4441-B048-44B171870AC6}.Debug|Any CPU.Build.0 = Debug|Any CPU
		{0E6F72F5-B00C-4441-B048-44B171870AC6}.Release|Any CPU.ActiveCfg = Release|Any CPU
		{0E6F72F5-B00C-4441-B048-44B171870AC6}.Release|Any CPU.Build.0 = Release|Any CPU
	EndGlobalSection
	GlobalSection(SolutionProperties) = preSolution
		HideSolutionNode = FALSE
	EndGlobalSection
	GlobalSection(NestedProjects) = preSolution
		{5804C3E8-C0DE-4D0D-AE93-8D0B69A76D73} = {4B974CF9-94C0-4FB3-9C39-0B45BA98CFE1}
		{7302DE80-189C-4DA8-8E54-AFDB7583011A} = {4B974CF9-94C0-4FB3-9C39-0B45BA98CFE1}
		{266841DF-834E-4DE8-BA01-A65376A6DFC2} = {4B974CF9-94C0-4FB3-9C39-0B45BA98CFE1}
		{40D74DCF-E2A7-4A61-9EFB-5BA9D16B60F7} = {4B974CF9-94C0-4FB3-9C39-0B45BA98CFE1}
		{9F099FD7-3A94-4D44-863B-A88CD00DDAC4} = {4B974CF9-94C0-4FB3-9C39-0B45BA98CFE1}
		{A95CB5BB-49DD-4A18-9C17-00A8E6061989} = {4B974CF9-94C0-4FB3-9C39-0B45BA98CFE1}
		{AB4AC0A9-E8FD-48F4-ACD6-8802FFA7D02F} = {4B974CF9-94C0-4FB3-9C39-0B45BA98CFE1}
		{CBC4FFB7-46E8-44FF-BDC4-8B7777F35C1E} = {4B974CF9-94C0-4FB3-9C39-0B45BA98CFE1}
		{077D3815-A11C-40E2-86C4-BEF21A4F246F} = {4B974CF9-94C0-4FB3-9C39-0B45BA98CFE1}
		{21B1F6DF-C1E7-474A-9D6A-1DB9DE77479C} = {4B974CF9-94C0-4FB3-9C39-0B45BA98CFE1}
		{0E6F72F5-B00C-4441-B048-44B171870AC6} = {01C52858-B301-4FF7-B906-FF1A8B5EE729}
	EndGlobalSection
	GlobalSection(ExtensibilityGlobals) = postSolution
		SolutionGuid = {F9D48053-56AC-4406-BD00-309BBAB8DC9E}
	EndGlobalSection
EndGlobal
