
Microsoft Visual Studio Solution File, Format Version 12.00
# Visual Studio Version 17
VisualStudioVersion = 17.10.35004.147
MinimumVisualStudioVersion = 10.0.40219.1
Project("{2150E333-8FDC-42A3-9474-1A3956D46DE8}") = "01-OOP", "01-OOP", "{4B974CF9-94C0-4FB3-9C39-0B45BA98CFE1}"
EndProject
Project("{9A19103F-16F7-4668-BE54-9A1E7A4F7556}") = "00-Rev-posledni-dlouhe", "00-Rev-posledni-dlouhe\00-Rev-posledni-dlouhe.csproj", "{9F099FD7-3A94-4D44-863B-A88CD00DDAC4}"
EndProject
Project("{2150E333-8FDC-42A3-9474-1A3956D46DE8}") = "02-OOP2-Dedicnost", "02-OOP2-Dedicnost", "{01C52858-B301-4FF7-B906-FF1A8B5EE729}"
EndProject
Project("{9A19103F-16F7-4668-BE54-9A1E7A4F7556}") = "01-Rev-Semaphore", "01-Rev-Semaphore\01-Rev-Semaphore.csproj", "{8D71CEC8-65D3-4DE3-814D-8FC37B3C2812}"
EndProject
Project("{FAE04EC0-301F-11D3-BF4B-00C04F79EFBC}") = "01-OOP-010-Role", "01-OOP-010-Role\01-OOP-010-Role.csproj", "{1D9CE4CA-FAD0-4E13-B247-DB998FCCDA4D}"
EndProject
Project("{FAE04EC0-301F-11D3-BF4B-00C04F79EFBC}") = "01-OOP-020-Tachometr", "01-OOP-020-Tachometr\01-OOP-020-Tachometr.csproj", "{2B3AC0B1-77DF-4EA1-8F13-6EE70DEE3218}"
EndProject
Project("{FAE04EC0-301F-11D3-BF4B-00C04F79EFBC}") = "01-OOP-030-Test-vyrobku", "01-OOP-030-Test-vyrobku\01-OOP-030-Test-vyrobku.csproj", "{87481513-6A2D-489F-9C5E-BE7E9C2810B6}"
EndProject
Project("{FAE04EC0-301F-11D3-BF4B-00C04F79EFBC}") = "01-OOP-050-Lanovka-01-Pole", "01-OOP-050-Lanovka-01-Pole\01-OOP-050-Lanovka-01-Pole.csproj", "{B790D7A3-3A99-467F-920A-F41E3BF52623}"
EndProject
Project("{FAE04EC0-301F-11D3-BF4B-00C04F79EFBC}") = "01-OOP-051-Lanovka-02-LinkedList", "01-OOP-051-Lanovka-02-LinkedList\01-OOP-051-Lanovka-02-LinkedList.csproj", "{FC2B7581-9238-4C96-B672-A7637FCFE089}"
EndProject
Project("{FAE04EC0-301F-11D3-BF4B-00C04F79EFBC}") = "01-OOP-060-Paginator", "01-OOP-060-Paginator\01-OOP-060-Paginator.csproj", "{BDF6DFCC-D930-4F66-9D58-6420FFB6243E}"
EndProject
Project("{FAE04EC0-301F-11D3-BF4B-00C04F79EFBC}") = "01-OOP-070-Loop", "01-OOP-070-Loop\01-OOP-070-Loop.csproj", "{45E83FB8-CE80-423E-91C9-60287789AFC3}"
EndProject
Project("{FAE04EC0-301F-11D3-BF4B-00C04F79EFBC}") = "01-OOP-090-String-a-ref-val", "01-OOP-090-String-a-ref-val\01-OOP-090-String-a-ref-val.csproj", "{C55E90CA-318D-4E66-B35F-957BE7C4DE64}"
EndProject
Project("{FAE04EC0-301F-11D3-BF4B-00C04F79EFBC}") = "01-OOP-100-prodlouzeni-retezce", "01-OOP-100-prodlouzeni-retezce\01-OOP-100-prodlouzeni-retezce.csproj", "{27579824-2894-47A4-917E-9AE4A501D128}"
EndProject
Project("{FAE04EC0-301F-11D3-BF4B-00C04F79EFBC}") = "02-OOP2-0X0-Char_Inventory", "02-OOP2-0X0-Char_Inventory\02-OOP2-0X0-Char_Inventory.csproj", "{BF9ABA46-2868-4545-9528-035C954FCC14}"
EndProject
Project("{FAE04EC0-301F-11D3-BF4B-00C04F79EFBC}") = "02-OOP2-010-Savec", "02-OOP2-010-Savec\02-OOP2-010-Savec.csproj", "{A0B70770-20C7-4A09-9324-8068D0EC17FD}"
EndProject
Project("{FAE04EC0-301F-11D3-BF4B-00C04F79EFBC}") = "02-OOP2-020-Iface-Icomparable-Demo", "02-OOP2-020-Iface-Icomparable-Demo\02-OOP2-020-Iface-Icomparable-Demo.csproj", "{F6819DA0-0B80-41D8-87F3-53914B63DC24}"
EndProject
Project("{FAE04EC0-301F-11D3-BF4B-00C04F79EFBC}") = "02-OOP2-cv-010-Obdelnik", "02-OOP2-cv-010-Obdelnik\02-OOP2-cv-010-Obdelnik.csproj", "{7F9B967C-E596-4D84-9FBA-471D840E1017}"
EndProject
Project("{FAE04EC0-301F-11D3-BF4B-00C04F79EFBC}") = "02-OOP2-cv-020-Counter", "02-OOP2-cv-020-Counter\02-OOP2-cv-020-Counter.csproj", "{84B84998-00F1-4D19-8BC1-CECB1B5AEFF3}"
EndProject
Project("{FAE04EC0-301F-11D3-BF4B-00C04F79EFBC}") = "02-OOP2-cv-030-Ucty", "02-OOP2-cv-030-Ucty\02-OOP2-cv-030-Ucty.csproj", "{1F01FBC3-71CF-462B-B61B-546FC4DC86F2}"
EndProject
Project("{FAE04EC0-301F-11D3-BF4B-00C04F79EFBC}") = "02-OOP2-cv-040-Zamestnanci", "02-OOP2-cv-040-Zamestnanci\02-OOP2-cv-040-Zamestnanci.csproj", "{6361F9E7-854F-461A-BC10-5C74BCFBD51D}"
EndProject
Project("{FAE04EC0-301F-11D3-BF4B-00C04F79EFBC}") = "02-OOP2-cv-050-Dopravni-prostredky", "02-OOP2-cv-050-Dopravni-prostredky\02-OOP2-cv-050-Dopravni-prostredky.csproj", "{6D7C530E-86D5-43EB-95F2-4F857A48E03B}"
EndProject
Project("{FAE04EC0-301F-11D3-BF4B-00C04F79EFBC}") = "02-OOP2-cv-060-Iface-Utvary", "02-OOP2-cv-060-Iface-Utvary\02-OOP2-cv-060-Iface-Utvary.csproj", "{6CD6A84F-0480-4F3F-83D5-2159E8694A7F}"
EndProject
Project("{FAE04EC0-301F-11D3-BF4B-00C04F79EFBC}") = "02-OOP2-Iface-ICloneable-Demo", "02-OOP2-Iface-ICloneable-Demo\02-OOP2-Iface-ICloneable-Demo.csproj", "{4A5FA27A-7AF5-4900-BE7E-2DAA4EF399CE}"
EndProject
Project("{FAE04EC0-301F-11D3-BF4B-00C04F79EFBC}") = "02-OOP2-030-Karty", "02-OOP2-030-Karty\02-OOP2-030-Karty.csproj", "{E83AE2BA-A7ED-470E-B736-E112866F5DFE}"
EndProject
Project("{2150E333-8FDC-42A3-9474-1A3956D46DE8}") = "03-Kolekce, Data", "03-Kolekce, Data", "{D43D26A6-4F7E-4E25-86A9-F0458AD376B4}"
EndProject
Project("{FAE04EC0-301F-11D3-BF4B-00C04F79EFBC}") = "03-Data-01-Urad", "03-Data-01-Urad\03-Data-01-Urad.csproj", "{170FDE36-EA13-479E-94B7-BBA136D630BF}"
EndProject
Project("{FAE04EC0-301F-11D3-BF4B-00C04F79EFBC}") = "03-Data-02-hanojska_vez", "03-Data-02-hanojska_vez\03-Data-02-hanojska_vez.csproj", "{8808500B-C743-4352-865D-3CCA8FDA9C5A}"
EndProject
Project("{FAE04EC0-301F-11D3-BF4B-00C04F79EFBC}") = "03-Data-03-Obchodnici", "03-Data-03-Obchodnici\03-Data-03-Obchodnici.csproj", "{A3538D86-4F5F-41C6-9E20-9E947DBDA830}"
EndProject
Project("{FAE04EC0-301F-11D3-BF4B-00C04F79EFBC}") = "03-Data-04-Bludiste", "03-Data-04-Bludiste\03-Data-04-Bludiste.csproj", "{FDA35DCC-C42A-4481-B258-F321AB3C4064}"
EndProject
Project("{FAE04EC0-301F-11D3-BF4B-00C04F79EFBC}") = "03-Data-05-Generics-Randomizer", "03-Data-05-Generics-Randomizer\03-Data-05-Generics-Randomizer.csproj", "{8F1A0A54-CCD0-40F7-8B81-02BE3D33BBBA}"
EndProject
Project("{FAE04EC0-301F-11D3-BF4B-00C04F79EFBC}") = "04-UnitTesting-01-Minimum", "04-UnitTesting-01-Minimum\04-UnitTesting-01-Minimum.csproj", "{7CBD1F36-763E-402C-B43B-22C29DCC9029}"
EndProject
Project("{FAE04EC0-301F-11D3-BF4B-00C04F79EFBC}") = "04-UnitTesting-01-MinimumTests", "04-UnitTesting-01-MinimumTests\04-UnitTesting-01-MinimumTests.csproj", "{5E4761FA-4DEF-4C30-A7E1-F691006F41B0}"
EndProject
Project("{2150E333-8FDC-42A3-9474-1A3956D46DE8}") = "04-Reference", "04-Reference", "{02EA681E-C7D8-13C7-8484-4AC65E1B71E8}"
EndProject
Project("{FAE04EC0-301F-11D3-BF4B-00C04F79EFBC}") = "04-Ref-01-Library", "04-Ref-01-Library\04-Ref-01-Library.csproj", "{FB1A019A-478A-41D2-A514-08BCC7229C67}"
EndProject
Project("{FAE04EC0-301F-11D3-BF4B-00C04F79EFBC}") = "04-Ref-02-ProjectWithRef", "04-Ref-02-ProjectWithRef\04-Ref-02-ProjectWithRef.csproj", "{75326C37-2F71-4D1F-A851-1F1B3DB92BAB}"
EndProject
Project("{2150E333-8FDC-42A3-9474-1A3956D46DE8}") = "05-UnitTesting", "05-UnitTesting", "{33110DD9-7784-4A59-9C5C-44D4B864D2A8}"
EndProject
Project("{2150E333-8FDC-42A3-9474-1A3956D46DE8}") = "06-DB", "06-DB", "{49DBE0A5-43A7-474F-A258-78AEFD722F86}"
EndProject
Project("{FAE04EC0-301F-11D3-BF4B-00C04F79EFBC}") = "06-DB-01-Connect", "06-DB-01-Connect\06-DB-01-Connect.csproj", "{A6A6F09B-9561-4305-8A3C-F22B51F8D961}"
EndProject
Project("{FAE04EC0-301F-11D3-BF4B-00C04F79EFBC}") = "06-DB-02-EF_Basic", "06-DB-02-EF_Basic\06-DB-02-EF_Basic.csproj", "{845A5D93-044E-4BE4-8CEB-B47FC98E5A50}"
EndProject
Project("{2150E333-8FDC-42A3-9474-1A3956D46DE8}") = "07-WPF", "07-WPF", "{26ED0442-9B81-48ED-A644-0F06364B900C}"
EndProject
Project("{FAE04EC0-301F-11D3-BF4B-00C04F79EFBC}") = "07-WPF-01-Demo", "07-WPF-01-Demo\07-WPF-01-Demo.csproj", "{1643735A-46B1-4E3F-814E-65E0C61E7E9C}"
EndProject
Project("{FAE04EC0-301F-11D3-BF4B-00C04F79EFBC}") = "07-WPF-02-Move-text", "07-WPF-02-Move-text\07-WPF-02-Move-text.csproj", "{DDC18F25-E3C2-4E16-AA63-8D0E2594524F}"
EndProject
Project("{FAE04EC0-301F-11D3-BF4B-00C04F79EFBC}") = "07-WPF-03-Add-10", "07-WPF-03-Add-10\07-WPF-03-Add-10.csproj", "{0BEC2541-28D4-4D48-8745-654F1CDE1333}"
EndProject
Project("{FAE04EC0-301F-11D3-BF4B-00C04F79EFBC}") = "07-WPF-04-MessageBox", "07-WPF-04-MessageBox\07-WPF-04-MessageBox.csproj", "{009225A8-30E6-43C5-AFAE-127D3C1E94C8}"
EndProject
Project("{FAE04EC0-301F-11D3-BF4B-00C04F79EFBC}") = "07-WPF-05-Grid", "07-WPF-05-Grid\07-WPF-05-Grid.csproj", "{43E85088-1ADA-4FDC-ADB3-24A6DAA9D2B3}"
EndProject
Project("{FAE04EC0-301F-11D3-BF4B-00C04F79EFBC}") = "07-WPF-06-ImgView", "07-WPF-06-ImgView\07-WPF-06-ImgView.csproj", "{E292954F-AAF4-4A5A-9FB0-52069625F1DC}"
EndProject
Project("{FAE04EC0-301F-11D3-BF4B-00C04F79EFBC}") = "07-WPF-07-SimpleCalculator", "07-WPF-07-SimpleCalculator\07-WPF-07-SimpleCalculator.csproj", "{5EA634C8-28B5-418A-829C-986C3CB7F2BA}"
EndProject
Project("{FAE04EC0-301F-11D3-BF4B-00C04F79EFBC}") = "07-WPF-08-Pexeso", "07-WPF-08-Pexeso\07-WPF-08-Pexeso.csproj", "{040D7264-2A6B-4469-AA77-CCAD8BABE808}"
EndProject
Global
	GlobalSection(SolutionConfigurationPlatforms) = preSolution
		Debug|Any CPU = Debug|Any CPU
		Release|Any CPU = Release|Any CPU
	EndGlobalSection
	GlobalSection(ProjectConfigurationPlatforms) = postSolution
		{9F099FD7-3A94-4D44-863B-A88CD00DDAC4}.Debug|Any CPU.ActiveCfg = Debug|Any CPU
		{9F099FD7-3A94-4D44-863B-A88CD00DDAC4}.Debug|Any CPU.Build.0 = Debug|Any CPU
		{9F099FD7-3A94-4D44-863B-A88CD00DDAC4}.Release|Any CPU.ActiveCfg = Release|Any CPU
		{9F099FD7-3A94-4D44-863B-A88CD00DDAC4}.Release|Any CPU.Build.0 = Release|Any CPU
		{8D71CEC8-65D3-4DE3-814D-8FC37B3C2812}.Debug|Any CPU.ActiveCfg = Debug|Any CPU
		{8D71CEC8-65D3-4DE3-814D-8FC37B3C2812}.Debug|Any CPU.Build.0 = Debug|Any CPU
		{8D71CEC8-65D3-4DE3-814D-8FC37B3C2812}.Release|Any CPU.ActiveCfg = Release|Any CPU
		{8D71CEC8-65D3-4DE3-814D-8FC37B3C2812}.Release|Any CPU.Build.0 = Release|Any CPU
		{1D9CE4CA-FAD0-4E13-B247-DB998FCCDA4D}.Debug|Any CPU.ActiveCfg = Debug|Any CPU
		{1D9CE4CA-FAD0-4E13-B247-DB998FCCDA4D}.Debug|Any CPU.Build.0 = Debug|Any CPU
		{1D9CE4CA-FAD0-4E13-B247-DB998FCCDA4D}.Release|Any CPU.ActiveCfg = Release|Any CPU
		{1D9CE4CA-FAD0-4E13-B247-DB998FCCDA4D}.Release|Any CPU.Build.0 = Release|Any CPU
		{2B3AC0B1-77DF-4EA1-8F13-6EE70DEE3218}.Debug|Any CPU.ActiveCfg = Debug|Any CPU
		{2B3AC0B1-77DF-4EA1-8F13-6EE70DEE3218}.Debug|Any CPU.Build.0 = Debug|Any CPU
		{2B3AC0B1-77DF-4EA1-8F13-6EE70DEE3218}.Release|Any CPU.ActiveCfg = Release|Any CPU
		{2B3AC0B1-77DF-4EA1-8F13-6EE70DEE3218}.Release|Any CPU.Build.0 = Release|Any CPU
		{87481513-6A2D-489F-9C5E-BE7E9C2810B6}.Debug|Any CPU.ActiveCfg = Debug|Any CPU
		{87481513-6A2D-489F-9C5E-BE7E9C2810B6}.Debug|Any CPU.Build.0 = Debug|Any CPU
		{87481513-6A2D-489F-9C5E-BE7E9C2810B6}.Release|Any CPU.ActiveCfg = Release|Any CPU
		{87481513-6A2D-489F-9C5E-BE7E9C2810B6}.Release|Any CPU.Build.0 = Release|Any CPU
		{B790D7A3-3A99-467F-920A-F41E3BF52623}.Debug|Any CPU.ActiveCfg = Debug|Any CPU
		{B790D7A3-3A99-467F-920A-F41E3BF52623}.Debug|Any CPU.Build.0 = Debug|Any CPU
		{B790D7A3-3A99-467F-920A-F41E3BF52623}.Release|Any CPU.ActiveCfg = Release|Any CPU
		{B790D7A3-3A99-467F-920A-F41E3BF52623}.Release|Any CPU.Build.0 = Release|Any CPU
		{FC2B7581-9238-4C96-B672-A7637FCFE089}.Debug|Any CPU.ActiveCfg = Debug|Any CPU
		{FC2B7581-9238-4C96-B672-A7637FCFE089}.Debug|Any CPU.Build.0 = Debug|Any CPU
		{FC2B7581-9238-4C96-B672-A7637FCFE089}.Release|Any CPU.ActiveCfg = Release|Any CPU
		{FC2B7581-9238-4C96-B672-A7637FCFE089}.Release|Any CPU.Build.0 = Release|Any CPU
		{BDF6DFCC-D930-4F66-9D58-6420FFB6243E}.Debug|Any CPU.ActiveCfg = Debug|Any CPU
		{BDF6DFCC-D930-4F66-9D58-6420FFB6243E}.Debug|Any CPU.Build.0 = Debug|Any CPU
		{BDF6DFCC-D930-4F66-9D58-6420FFB6243E}.Release|Any CPU.ActiveCfg = Release|Any CPU
		{BDF6DFCC-D930-4F66-9D58-6420FFB6243E}.Release|Any CPU.Build.0 = Release|Any CPU
		{45E83FB8-CE80-423E-91C9-60287789AFC3}.Debug|Any CPU.ActiveCfg = Debug|Any CPU
		{45E83FB8-CE80-423E-91C9-60287789AFC3}.Debug|Any CPU.Build.0 = Debug|Any CPU
		{45E83FB8-CE80-423E-91C9-60287789AFC3}.Release|Any CPU.ActiveCfg = Release|Any CPU
		{45E83FB8-CE80-423E-91C9-60287789AFC3}.Release|Any CPU.Build.0 = Release|Any CPU
		{C55E90CA-318D-4E66-B35F-957BE7C4DE64}.Debug|Any CPU.ActiveCfg = Debug|Any CPU
		{C55E90CA-318D-4E66-B35F-957BE7C4DE64}.Debug|Any CPU.Build.0 = Debug|Any CPU
		{C55E90CA-318D-4E66-B35F-957BE7C4DE64}.Release|Any CPU.ActiveCfg = Release|Any CPU
		{C55E90CA-318D-4E66-B35F-957BE7C4DE64}.Release|Any CPU.Build.0 = Release|Any CPU
		{27579824-2894-47A4-917E-9AE4A501D128}.Debug|Any CPU.ActiveCfg = Debug|Any CPU
		{27579824-2894-47A4-917E-9AE4A501D128}.Debug|Any CPU.Build.0 = Debug|Any CPU
		{27579824-2894-47A4-917E-9AE4A501D128}.Release|Any CPU.ActiveCfg = Release|Any CPU
		{27579824-2894-47A4-917E-9AE4A501D128}.Release|Any CPU.Build.0 = Release|Any CPU
		{BF9ABA46-2868-4545-9528-035C954FCC14}.Debug|Any CPU.ActiveCfg = Debug|Any CPU
		{BF9ABA46-2868-4545-9528-035C954FCC14}.Debug|Any CPU.Build.0 = Debug|Any CPU
		{BF9ABA46-2868-4545-9528-035C954FCC14}.Release|Any CPU.ActiveCfg = Release|Any CPU
		{BF9ABA46-2868-4545-9528-035C954FCC14}.Release|Any CPU.Build.0 = Release|Any CPU
		{A0B70770-20C7-4A09-9324-8068D0EC17FD}.Debug|Any CPU.ActiveCfg = Debug|Any CPU
		{A0B70770-20C7-4A09-9324-8068D0EC17FD}.Debug|Any CPU.Build.0 = Debug|Any CPU
		{A0B70770-20C7-4A09-9324-8068D0EC17FD}.Release|Any CPU.ActiveCfg = Release|Any CPU
		{A0B70770-20C7-4A09-9324-8068D0EC17FD}.Release|Any CPU.Build.0 = Release|Any CPU
		{F6819DA0-0B80-41D8-87F3-53914B63DC24}.Debug|Any CPU.ActiveCfg = Debug|Any CPU
		{F6819DA0-0B80-41D8-87F3-53914B63DC24}.Debug|Any CPU.Build.0 = Debug|Any CPU
		{F6819DA0-0B80-41D8-87F3-53914B63DC24}.Release|Any CPU.ActiveCfg = Release|Any CPU
		{F6819DA0-0B80-41D8-87F3-53914B63DC24}.Release|Any CPU.Build.0 = Release|Any CPU
		{7F9B967C-E596-4D84-9FBA-471D840E1017}.Debug|Any CPU.ActiveCfg = Debug|Any CPU
		{7F9B967C-E596-4D84-9FBA-471D840E1017}.Debug|Any CPU.Build.0 = Debug|Any CPU
		{7F9B967C-E596-4D84-9FBA-471D840E1017}.Release|Any CPU.ActiveCfg = Release|Any CPU
		{7F9B967C-E596-4D84-9FBA-471D840E1017}.Release|Any CPU.Build.0 = Release|Any CPU
		{84B84998-00F1-4D19-8BC1-CECB1B5AEFF3}.Debug|Any CPU.ActiveCfg = Debug|Any CPU
		{84B84998-00F1-4D19-8BC1-CECB1B5AEFF3}.Debug|Any CPU.Build.0 = Debug|Any CPU
		{84B84998-00F1-4D19-8BC1-CECB1B5AEFF3}.Release|Any CPU.ActiveCfg = Release|Any CPU
		{84B84998-00F1-4D19-8BC1-CECB1B5AEFF3}.Release|Any CPU.Build.0 = Release|Any CPU
		{1F01FBC3-71CF-462B-B61B-546FC4DC86F2}.Debug|Any CPU.ActiveCfg = Debug|Any CPU
		{1F01FBC3-71CF-462B-B61B-546FC4DC86F2}.Debug|Any CPU.Build.0 = Debug|Any CPU
		{1F01FBC3-71CF-462B-B61B-546FC4DC86F2}.Release|Any CPU.ActiveCfg = Release|Any CPU
		{1F01FBC3-71CF-462B-B61B-546FC4DC86F2}.Release|Any CPU.Build.0 = Release|Any CPU
		{6361F9E7-854F-461A-BC10-5C74BCFBD51D}.Debug|Any CPU.ActiveCfg = Debug|Any CPU
		{6361F9E7-854F-461A-BC10-5C74BCFBD51D}.Debug|Any CPU.Build.0 = Debug|Any CPU
		{6361F9E7-854F-461A-BC10-5C74BCFBD51D}.Release|Any CPU.ActiveCfg = Release|Any CPU
		{6361F9E7-854F-461A-BC10-5C74BCFBD51D}.Release|Any CPU.Build.0 = Release|Any CPU
		{6D7C530E-86D5-43EB-95F2-4F857A48E03B}.Debug|Any CPU.ActiveCfg = Debug|Any CPU
		{6D7C530E-86D5-43EB-95F2-4F857A48E03B}.Debug|Any CPU.Build.0 = Debug|Any CPU
		{6D7C530E-86D5-43EB-95F2-4F857A48E03B}.Release|Any CPU.ActiveCfg = Release|Any CPU
		{6D7C530E-86D5-43EB-95F2-4F857A48E03B}.Release|Any CPU.Build.0 = Release|Any CPU
		{6CD6A84F-0480-4F3F-83D5-2159E8694A7F}.Debug|Any CPU.ActiveCfg = Debug|Any CPU
		{6CD6A84F-0480-4F3F-83D5-2159E8694A7F}.Debug|Any CPU.Build.0 = Debug|Any CPU
		{6CD6A84F-0480-4F3F-83D5-2159E8694A7F}.Release|Any CPU.ActiveCfg = Release|Any CPU
		{6CD6A84F-0480-4F3F-83D5-2159E8694A7F}.Release|Any CPU.Build.0 = Release|Any CPU
		{4A5FA27A-7AF5-4900-BE7E-2DAA4EF399CE}.Debug|Any CPU.ActiveCfg = Debug|Any CPU
		{4A5FA27A-7AF5-4900-BE7E-2DAA4EF399CE}.Debug|Any CPU.Build.0 = Debug|Any CPU
		{4A5FA27A-7AF5-4900-BE7E-2DAA4EF399CE}.Release|Any CPU.ActiveCfg = Release|Any CPU
		{4A5FA27A-7AF5-4900-BE7E-2DAA4EF399CE}.Release|Any CPU.Build.0 = Release|Any CPU
		{E83AE2BA-A7ED-470E-B736-E112866F5DFE}.Debug|Any CPU.ActiveCfg = Debug|Any CPU
		{E83AE2BA-A7ED-470E-B736-E112866F5DFE}.Debug|Any CPU.Build.0 = Debug|Any CPU
		{E83AE2BA-A7ED-470E-B736-E112866F5DFE}.Release|Any CPU.ActiveCfg = Release|Any CPU
		{E83AE2BA-A7ED-470E-B736-E112866F5DFE}.Release|Any CPU.Build.0 = Release|Any CPU
		{170FDE36-EA13-479E-94B7-BBA136D630BF}.Debug|Any CPU.ActiveCfg = Debug|Any CPU
		{170FDE36-EA13-479E-94B7-BBA136D630BF}.Debug|Any CPU.Build.0 = Debug|Any CPU
		{170FDE36-EA13-479E-94B7-BBA136D630BF}.Release|Any CPU.ActiveCfg = Release|Any CPU
		{170FDE36-EA13-479E-94B7-BBA136D630BF}.Release|Any CPU.Build.0 = Release|Any CPU
		{8808500B-C743-4352-865D-3CCA8FDA9C5A}.Debug|Any CPU.ActiveCfg = Debug|Any CPU
		{8808500B-C743-4352-865D-3CCA8FDA9C5A}.Debug|Any CPU.Build.0 = Debug|Any CPU
		{8808500B-C743-4352-865D-3CCA8FDA9C5A}.Release|Any CPU.ActiveCfg = Release|Any CPU
		{8808500B-C743-4352-865D-3CCA8FDA9C5A}.Release|Any CPU.Build.0 = Release|Any CPU
		{A3538D86-4F5F-41C6-9E20-9E947DBDA830}.Debug|Any CPU.ActiveCfg = Debug|Any CPU
		{A3538D86-4F5F-41C6-9E20-9E947DBDA830}.Debug|Any CPU.Build.0 = Debug|Any CPU
		{A3538D86-4F5F-41C6-9E20-9E947DBDA830}.Release|Any CPU.ActiveCfg = Release|Any CPU
		{A3538D86-4F5F-41C6-9E20-9E947DBDA830}.Release|Any CPU.Build.0 = Release|Any CPU
		{FDA35DCC-C42A-4481-B258-F321AB3C4064}.Debug|Any CPU.ActiveCfg = Debug|Any CPU
		{FDA35DCC-C42A-4481-B258-F321AB3C4064}.Debug|Any CPU.Build.0 = Debug|Any CPU
		{FDA35DCC-C42A-4481-B258-F321AB3C4064}.Release|Any CPU.ActiveCfg = Release|Any CPU
		{FDA35DCC-C42A-4481-B258-F321AB3C4064}.Release|Any CPU.Build.0 = Release|Any CPU
		{8F1A0A54-CCD0-40F7-8B81-02BE3D33BBBA}.Debug|Any CPU.ActiveCfg = Debug|Any CPU
		{8F1A0A54-CCD0-40F7-8B81-02BE3D33BBBA}.Debug|Any CPU.Build.0 = Debug|Any CPU
		{8F1A0A54-CCD0-40F7-8B81-02BE3D33BBBA}.Release|Any CPU.ActiveCfg = Release|Any CPU
		{8F1A0A54-CCD0-40F7-8B81-02BE3D33BBBA}.Release|Any CPU.Build.0 = Release|Any CPU
		{7CBD1F36-763E-402C-B43B-22C29DCC9029}.Debug|Any CPU.ActiveCfg = Debug|Any CPU
		{7CBD1F36-763E-402C-B43B-22C29DCC9029}.Debug|Any CPU.Build.0 = Debug|Any CPU
		{7CBD1F36-763E-402C-B43B-22C29DCC9029}.Release|Any CPU.ActiveCfg = Release|Any CPU
		{7CBD1F36-763E-402C-B43B-22C29DCC9029}.Release|Any CPU.Build.0 = Release|Any CPU
		{5E4761FA-4DEF-4C30-A7E1-F691006F41B0}.Debug|Any CPU.ActiveCfg = Debug|Any CPU
		{5E4761FA-4DEF-4C30-A7E1-F691006F41B0}.Debug|Any CPU.Build.0 = Debug|Any CPU
		{5E4761FA-4DEF-4C30-A7E1-F691006F41B0}.Release|Any CPU.ActiveCfg = Release|Any CPU
		{5E4761FA-4DEF-4C30-A7E1-F691006F41B0}.Release|Any CPU.Build.0 = Release|Any CPU
		{FB1A019A-478A-41D2-A514-08BCC7229C67}.Debug|Any CPU.ActiveCfg = Debug|Any CPU
		{FB1A019A-478A-41D2-A514-08BCC7229C67}.Debug|Any CPU.Build.0 = Debug|Any CPU
		{FB1A019A-478A-41D2-A514-08BCC7229C67}.Release|Any CPU.ActiveCfg = Release|Any CPU
		{FB1A019A-478A-41D2-A514-08BCC7229C67}.Release|Any CPU.Build.0 = Release|Any CPU
		{75326C37-2F71-4D1F-A851-1F1B3DB92BAB}.Debug|Any CPU.ActiveCfg = Debug|Any CPU
		{75326C37-2F71-4D1F-A851-1F1B3DB92BAB}.Debug|Any CPU.Build.0 = Debug|Any CPU
		{75326C37-2F71-4D1F-A851-1F1B3DB92BAB}.Release|Any CPU.ActiveCfg = Release|Any CPU
		{75326C37-2F71-4D1F-A851-1F1B3DB92BAB}.Release|Any CPU.Build.0 = Release|Any CPU
		{A6A6F09B-9561-4305-8A3C-F22B51F8D961}.Debug|Any CPU.ActiveCfg = Debug|Any CPU
		{A6A6F09B-9561-4305-8A3C-F22B51F8D961}.Debug|Any CPU.Build.0 = Debug|Any CPU
		{A6A6F09B-9561-4305-8A3C-F22B51F8D961}.Release|Any CPU.ActiveCfg = Release|Any CPU
		{A6A6F09B-9561-4305-8A3C-F22B51F8D961}.Release|Any CPU.Build.0 = Release|Any CPU
		{845A5D93-044E-4BE4-8CEB-B47FC98E5A50}.Debug|Any CPU.ActiveCfg = Debug|Any CPU
		{845A5D93-044E-4BE4-8CEB-B47FC98E5A50}.Debug|Any CPU.Build.0 = Debug|Any CPU
		{845A5D93-044E-4BE4-8CEB-B47FC98E5A50}.Release|Any CPU.ActiveCfg = Release|Any CPU
		{845A5D93-044E-4BE4-8CEB-B47FC98E5A50}.Release|Any CPU.Build.0 = Release|Any CPU
		{1643735A-46B1-4E3F-814E-65E0C61E7E9C}.Debug|Any CPU.ActiveCfg = Debug|Any CPU
		{1643735A-46B1-4E3F-814E-65E0C61E7E9C}.Debug|Any CPU.Build.0 = Debug|Any CPU
		{1643735A-46B1-4E3F-814E-65E0C61E7E9C}.Release|Any CPU.ActiveCfg = Release|Any CPU
		{1643735A-46B1-4E3F-814E-65E0C61E7E9C}.Release|Any CPU.Build.0 = Release|Any CPU
		{DDC18F25-E3C2-4E16-AA63-8D0E2594524F}.Debug|Any CPU.ActiveCfg = Debug|Any CPU
		{DDC18F25-E3C2-4E16-AA63-8D0E2594524F}.Debug|Any CPU.Build.0 = Debug|Any CPU
		{DDC18F25-E3C2-4E16-AA63-8D0E2594524F}.Release|Any CPU.ActiveCfg = Release|Any CPU
		{DDC18F25-E3C2-4E16-AA63-8D0E2594524F}.Release|Any CPU.Build.0 = Release|Any CPU
		{0BEC2541-28D4-4D48-8745-654F1CDE1333}.Debug|Any CPU.ActiveCfg = Debug|Any CPU
		{0BEC2541-28D4-4D48-8745-654F1CDE1333}.Debug|Any CPU.Build.0 = Debug|Any CPU
		{0BEC2541-28D4-4D48-8745-654F1CDE1333}.Release|Any CPU.ActiveCfg = Release|Any CPU
		{0BEC2541-28D4-4D48-8745-654F1CDE1333}.Release|Any CPU.Build.0 = Release|Any CPU
		{009225A8-30E6-43C5-AFAE-127D3C1E94C8}.Debug|Any CPU.ActiveCfg = Debug|Any CPU
		{009225A8-30E6-43C5-AFAE-127D3C1E94C8}.Debug|Any CPU.Build.0 = Debug|Any CPU
		{009225A8-30E6-43C5-AFAE-127D3C1E94C8}.Release|Any CPU.ActiveCfg = Release|Any CPU
		{009225A8-30E6-43C5-AFAE-127D3C1E94C8}.Release|Any CPU.Build.0 = Release|Any CPU
		{43E85088-1ADA-4FDC-ADB3-24A6DAA9D2B3}.Debug|Any CPU.ActiveCfg = Debug|Any CPU
		{43E85088-1ADA-4FDC-ADB3-24A6DAA9D2B3}.Debug|Any CPU.Build.0 = Debug|Any CPU
		{43E85088-1ADA-4FDC-ADB3-24A6DAA9D2B3}.Release|Any CPU.ActiveCfg = Release|Any CPU
		{43E85088-1ADA-4FDC-ADB3-24A6DAA9D2B3}.Release|Any CPU.Build.0 = Release|Any CPU
		{E292954F-AAF4-4A5A-9FB0-52069625F1DC}.Debug|Any CPU.ActiveCfg = Debug|Any CPU
		{E292954F-AAF4-4A5A-9FB0-52069625F1DC}.Debug|Any CPU.Build.0 = Debug|Any CPU
		{E292954F-AAF4-4A5A-9FB0-52069625F1DC}.Release|Any CPU.ActiveCfg = Release|Any CPU
		{E292954F-AAF4-4A5A-9FB0-52069625F1DC}.Release|Any CPU.Build.0 = Release|Any CPU
		{5EA634C8-28B5-418A-829C-986C3CB7F2BA}.Debug|Any CPU.ActiveCfg = Debug|Any CPU
		{5EA634C8-28B5-418A-829C-986C3CB7F2BA}.Debug|Any CPU.Build.0 = Debug|Any CPU
		{5EA634C8-28B5-418A-829C-986C3CB7F2BA}.Release|Any CPU.ActiveCfg = Release|Any CPU
		{5EA634C8-28B5-418A-829C-986C3CB7F2BA}.Release|Any CPU.Build.0 = Release|Any CPU
		{040D7264-2A6B-4469-AA77-CCAD8BABE808}.Debug|Any CPU.ActiveCfg = Debug|Any CPU
		{040D7264-2A6B-4469-AA77-CCAD8BABE808}.Debug|Any CPU.Build.0 = Debug|Any CPU
		{040D7264-2A6B-4469-AA77-CCAD8BABE808}.Release|Any CPU.ActiveCfg = Release|Any CPU
		{040D7264-2A6B-4469-AA77-CCAD8BABE808}.Release|Any CPU.Build.0 = Release|Any CPU
	EndGlobalSection
	GlobalSection(SolutionProperties) = preSolution
		HideSolutionNode = FALSE
	EndGlobalSection
	GlobalSection(NestedProjects) = preSolution
		{9F099FD7-3A94-4D44-863B-A88CD00DDAC4} = {4B974CF9-94C0-4FB3-9C39-0B45BA98CFE1}
		{8D71CEC8-65D3-4DE3-814D-8FC37B3C2812} = {4B974CF9-94C0-4FB3-9C39-0B45BA98CFE1}
		{1D9CE4CA-FAD0-4E13-B247-DB998FCCDA4D} = {4B974CF9-94C0-4FB3-9C39-0B45BA98CFE1}
		{2B3AC0B1-77DF-4EA1-8F13-6EE70DEE3218} = {4B974CF9-94C0-4FB3-9C39-0B45BA98CFE1}
		{87481513-6A2D-489F-9C5E-BE7E9C2810B6} = {4B974CF9-94C0-4FB3-9C39-0B45BA98CFE1}
		{B790D7A3-3A99-467F-920A-F41E3BF52623} = {4B974CF9-94C0-4FB3-9C39-0B45BA98CFE1}
		{FC2B7581-9238-4C96-B672-A7637FCFE089} = {4B974CF9-94C0-4FB3-9C39-0B45BA98CFE1}
		{BDF6DFCC-D930-4F66-9D58-6420FFB6243E} = {4B974CF9-94C0-4FB3-9C39-0B45BA98CFE1}
		{45E83FB8-CE80-423E-91C9-60287789AFC3} = {4B974CF9-94C0-4FB3-9C39-0B45BA98CFE1}
		{C55E90CA-318D-4E66-B35F-957BE7C4DE64} = {4B974CF9-94C0-4FB3-9C39-0B45BA98CFE1}
		{27579824-2894-47A4-917E-9AE4A501D128} = {4B974CF9-94C0-4FB3-9C39-0B45BA98CFE1}
		{BF9ABA46-2868-4545-9528-035C954FCC14} = {01C52858-B301-4FF7-B906-FF1A8B5EE729}
		{A0B70770-20C7-4A09-9324-8068D0EC17FD} = {01C52858-B301-4FF7-B906-FF1A8B5EE729}
		{F6819DA0-0B80-41D8-87F3-53914B63DC24} = {01C52858-B301-4FF7-B906-FF1A8B5EE729}
		{7F9B967C-E596-4D84-9FBA-471D840E1017} = {01C52858-B301-4FF7-B906-FF1A8B5EE729}
		{84B84998-00F1-4D19-8BC1-CECB1B5AEFF3} = {01C52858-B301-4FF7-B906-FF1A8B5EE729}
		{1F01FBC3-71CF-462B-B61B-546FC4DC86F2} = {01C52858-B301-4FF7-B906-FF1A8B5EE729}
		{6361F9E7-854F-461A-BC10-5C74BCFBD51D} = {01C52858-B301-4FF7-B906-FF1A8B5EE729}
		{6D7C530E-86D5-43EB-95F2-4F857A48E03B} = {01C52858-B301-4FF7-B906-FF1A8B5EE729}
		{6CD6A84F-0480-4F3F-83D5-2159E8694A7F} = {01C52858-B301-4FF7-B906-FF1A8B5EE729}
		{4A5FA27A-7AF5-4900-BE7E-2DAA4EF399CE} = {01C52858-B301-4FF7-B906-FF1A8B5EE729}
		{E83AE2BA-A7ED-470E-B736-E112866F5DFE} = {01C52858-B301-4FF7-B906-FF1A8B5EE729}
		{170FDE36-EA13-479E-94B7-BBA136D630BF} = {D43D26A6-4F7E-4E25-86A9-F0458AD376B4}
		{8808500B-C743-4352-865D-3CCA8FDA9C5A} = {D43D26A6-4F7E-4E25-86A9-F0458AD376B4}
		{A3538D86-4F5F-41C6-9E20-9E947DBDA830} = {D43D26A6-4F7E-4E25-86A9-F0458AD376B4}
		{FDA35DCC-C42A-4481-B258-F321AB3C4064} = {D43D26A6-4F7E-4E25-86A9-F0458AD376B4}
		{8F1A0A54-CCD0-40F7-8B81-02BE3D33BBBA} = {D43D26A6-4F7E-4E25-86A9-F0458AD376B4}
		{7CBD1F36-763E-402C-B43B-22C29DCC9029} = {33110DD9-7784-4A59-9C5C-44D4B864D2A8}
		{5E4761FA-4DEF-4C30-A7E1-F691006F41B0} = {33110DD9-7784-4A59-9C5C-44D4B864D2A8}
		{FB1A019A-478A-41D2-A514-08BCC7229C67} = {02EA681E-C7D8-13C7-8484-4AC65E1B71E8}
		{75326C37-2F71-4D1F-A851-1F1B3DB92BAB} = {02EA681E-C7D8-13C7-8484-4AC65E1B71E8}
		{A6A6F09B-9561-4305-8A3C-F22B51F8D961} = {49DBE0A5-43A7-474F-A258-78AEFD722F86}
		{845A5D93-044E-4BE4-8CEB-B47FC98E5A50} = {49DBE0A5-43A7-474F-A258-78AEFD722F86}
		{1643735A-46B1-4E3F-814E-65E0C61E7E9C} = {26ED0442-9B81-48ED-A644-0F06364B900C}
		{DDC18F25-E3C2-4E16-AA63-8D0E2594524F} = {26ED0442-9B81-48ED-A644-0F06364B900C}
		{0BEC2541-28D4-4D48-8745-654F1CDE1333} = {26ED0442-9B81-48ED-A644-0F06364B900C}
		{009225A8-30E6-43C5-AFAE-127D3C1E94C8} = {26ED0442-9B81-48ED-A644-0F06364B900C}
		{43E85088-1ADA-4FDC-ADB3-24A6DAA9D2B3} = {26ED0442-9B81-48ED-A644-0F06364B900C}
		{E292954F-AAF4-4A5A-9FB0-52069625F1DC} = {26ED0442-9B81-48ED-A644-0F06364B900C}
		{5EA634C8-28B5-418A-829C-986C3CB7F2BA} = {26ED0442-9B81-48ED-A644-0F06364B900C}
		{040D7264-2A6B-4469-AA77-CCAD8BABE808} = {26ED0442-9B81-48ED-A644-0F06364B900C}
	EndGlobalSection
	GlobalSection(ExtensibilityGlobals) = postSolution
		SolutionGuid = {F9D48053-56AC-4406-BD00-309BBAB8DC9E}
	EndGlobalSection
EndGlobal
